
Microsoft Visual Studio Solution File, Format Version 12.00
# Visual Studio Version 17
VisualStudioVersion = 17.13.35931.197 d17.13
MinimumVisualStudioVersion = 10.0.40219.1
Project("{FAE04EC0-301F-11D3-BF4B-00C04F79EFBC}") = "HelloWorldApp", "HelloWorldApp\HelloWorldApp.csproj", "{BBC52404-1FAA-401C-8350-A9EFD1C6D110}"
EndProject
Global
	GlobalSection(SolutionConfigurationPlatforms) = preSolution
		Debug|Any CPU = Debug|Any CPU
		Release|Any CPU = Release|Any CPU
	EndGlobalSection
	GlobalSection(ProjectConfigurationPlatforms) = postSolution
		{BBC52404-1FAA-401C-8350-A9EFD1C6D110}.Debug|Any CPU.ActiveCfg = Debug|Any CPU
		{BBC52404-1FAA-401C-8350-A9EFD1C6D110}.Debug|Any CPU.Build.0 = Debug|Any CPU
		{BBC52404-1FAA-401C-8350-A9EFD1C6D110}.Release|Any CPU.ActiveCfg = Release|Any CPU
		{BBC52404-1FAA-401C-8350-A9EFD1C6D110}.Release|Any CPU.Build.0 = Release|Any CPU
	EndGlobalSection
	GlobalSection(SolutionProperties) = preSolution
		HideSolutionNode = FALSE
	EndGlobalSection
	GlobalSection(ExtensibilityGlobals) = postSolution
		SolutionGuid = {E90EDFD5-BE76-403C-A753-EF0C5FF3C7E0}
	EndGlobalSection
EndGlobal
